// !$*UTF8*$!
{
	archiveVersion = 1;
	classes = {
	};
	objectVersion = 46;
	objects = {

/* Begin PBXBuildFile section */
		0466B9E6A55078A9F39B1B4B /* svgtiny_gradient.cpp in Sources */ = {isa = PBXBuildFile; fileRef = FD4F639B12AA5C1013177E49 /* svgtiny_gradient.cpp */; };
		10071661D0AA59C4EC246B6C /* ofxGuiGroup.cpp in Sources */ = {isa = PBXBuildFile; fileRef = B4A1CE60B1AC164DA8880771 /* ofxGuiGroup.cpp */; };
		1A3100DF805276113B617DB4 /* ofxFFTBase.cpp in Sources */ = {isa = PBXBuildFile; fileRef = 1A8C10576CE2A624C8161140 /* ofxFFTBase.cpp */; };
		1AF15FCF93D2DDD6D4285C8E /* AppManager.cpp in Sources */ = {isa = PBXBuildFile; fileRef = 5056FC61E30B9810903B814D /* AppManager.cpp */; };
		1CC2E6C0FAAFD242CC34C3A1 /* ofxFFTLive.cpp in Sources */ = {isa = PBXBuildFile; fileRef = 56EE0D2D7FBE726EF8641A72 /* ofxFFTLive.cpp */; };
		1E777E277DAB367779E7E89A /* ofxButton.cpp in Sources */ = {isa = PBXBuildFile; fileRef = 73B831DDAB58EC89B0D0BDEA /* ofxButton.cpp */; };
		20DD9BBB631FBC0CDCCFA6B6 /* ofTextConverter.cpp in Sources */ = {isa = PBXBuildFile; fileRef = 0E13F8EA447BEE4F113C15AB /* ofTextConverter.cpp */; };
		39A9274AF238E10BCCE3F5E9 /* fft.cpp in Sources */ = {isa = PBXBuildFile; fileRef = 8384A728E256DD9797D5BCF7 /* fft.cpp */; };
		3A4FFF61DDC91AAB7097B6D3 /* AudioParticles.cpp in Sources */ = {isa = PBXBuildFile; fileRef = 6D8CDC21948DA9729C956FEC /* AudioParticles.cpp */; };
		3A6C7D72771284673CBE247D /* ImageVisual.cpp in Sources */ = {isa = PBXBuildFile; fileRef = 4F661FE0411AA0AC01E34CB7 /* ImageVisual.cpp */; };
		41495ECD0155116522DCA99A /* VideoManager.cpp in Sources */ = {isa = PBXBuildFile; fileRef = 2990685E1D17096D1F9B64CF /* VideoManager.cpp */; };
		469ACA6CB6A2A17D8076D840 /* ofxSliderGroup.cpp in Sources */ = {isa = PBXBuildFile; fileRef = DB7AEB477FE6E3AB9856A3CA /* ofxSliderGroup.cpp */; };
		48F94177806B5CB8D3C0F283 /* CameraAnimations.cpp in Sources */ = {isa = PBXBuildFile; fileRef = A05F1DCF8180DEEC9FBAE585 /* CameraAnimations.cpp */; };
		4D8AD4DF379BCF35DCB7A000 /* ofxLabel.cpp in Sources */ = {isa = PBXBuildFile; fileRef = FE7866A2B096C94A5A2E83AC /* ofxLabel.cpp */; };
		5152A5DBF51A461014A1F631 /* KeyboardManager.cpp in Sources */ = {isa = PBXBuildFile; fileRef = 3A260C79069FA7DEF9728CEC /* KeyboardManager.cpp */; };
		5367CE7A2C5BCF846D28D246 /* ofxSlider.cpp in Sources */ = {isa = PBXBuildFile; fileRef = 81212C9B727614B22FFBEC2C /* ofxSlider.cpp */; };
		58BCEB4034B30CB4A3456FC7 /* SettingsManager.cpp in Sources */ = {isa = PBXBuildFile; fileRef = 73D7AA4CF4895FC3DEEC2978 /* SettingsManager.cpp */; };
		5C4F2520167A797139ECF0CA /* ofxScrollView.cpp in Sources */ = {isa = PBXBuildFile; fileRef = 4799E8C98F3DDAE765CD58DF /* ofxScrollView.cpp */; };
		5D33A9513B2A4C6DBD3188C7 /* GuiManager.cpp in Sources */ = {isa = PBXBuildFile; fileRef = 4907E8B0250B798D3E6F09A1 /* GuiManager.cpp */; };
		68A59FFAF8D6A1C715A69CD4 /* EngineFont.cpp in Sources */ = {isa = PBXBuildFile; fileRef = 71EF984EC44E239BE26DBB24 /* EngineFont.cpp */; };
		6DFBD49D2AF7A6DF59660396 /* ofxFFTFile.cpp in Sources */ = {isa = PBXBuildFile; fileRef = 9CFC18D2683D682C2520FF9E /* ofxFFTFile.cpp */; };
		6F36C225B48477DFCCA6FB64 /* ResourceManager.cpp in Sources */ = {isa = PBXBuildFile; fileRef = 5FA64D51DA6D1619944A259C /* ResourceManager.cpp */; };
		7E78555D595408C86F902937 /* ofUnicode.cpp in Sources */ = {isa = PBXBuildFile; fileRef = 6D5D010021EF505D97954BAD /* ofUnicode.cpp */; };
		82C668F7D0DF704AD7D1BB1C /* utf8cpp.html in Sources */ = {isa = PBXBuildFile; fileRef = 177B2CF2F12B417629282688 /* utf8cpp.html */; };
		8310E60C1E2408B2C5269D5B /* ImageManager.cpp in Sources */ = {isa = PBXBuildFile; fileRef = C5B2FDB91DADF7FAA8F0E58C /* ImageManager.cpp */; };
		875651AF8693D3DE4CC23485 /* VisualEffects.cpp in Sources */ = {isa = PBXBuildFile; fileRef = DCB9CB9C1093718FA5F131FA /* VisualEffects.cpp */; };
		8BC3D4AABDF5E655706BA3B8 /* SvgVisual.cpp in Sources */ = {isa = PBXBuildFile; fileRef = 19361E6857FB31277A2FEE46 /* SvgVisual.cpp */; };
		8C9DFFBD826A20F752ED0CD6 /* CameraManager.cpp in Sources */ = {isa = PBXBuildFile; fileRef = 89DFBB918E3BCAFB0C93CAF3 /* CameraManager.cpp */; };
		93510377552D47B6620A7586 /* LayoutManager.cpp in Sources */ = {isa = PBXBuildFile; fileRef = 4229475864D5EBC7913C8351 /* LayoutManager.cpp */; };
		9A15495FA2EE8F23378413B2 /* ofxBaseGui.cpp in Sources */ = {isa = PBXBuildFile; fileRef = 5E1973D14232CB5E49FFB984 /* ofxBaseGui.cpp */; };
		9D3E5A7C189607A50D28E499 /* src_colors.cpp in Sources */ = {isa = PBXBuildFile; fileRef = 56E991FC0AE7E20FD398127D /* src_colors.cpp */; };
		9D9E0E996DA1B9AC9952C889 /* ViewManager.cpp in Sources */ = {isa = PBXBuildFile; fileRef = 4FE37A31C904F445222B25FC /* ViewManager.cpp */; };
		A277B43AE09F2A5EC976C1A8 /* ofxDmx.cpp in Sources */ = {isa = PBXBuildFile; fileRef = EC1D52FAF4DB276D25FC6AC2 /* ofxDmx.cpp */; };
		A417B50DA594FBD304CFF2CA /* svgtiny.cpp in Sources */ = {isa = PBXBuildFile; fileRef = 9ED2D89B10F4457477670D32 /* svgtiny.cpp */; };
		A7268C62C908D5D33BAC3B92 /* license.md in Sources */ = {isa = PBXBuildFile; fileRef = F8F59BB673171E652227B3A2 /* license.md */; };
		ACE00783B5CCD633D94EDDEF /* ofxPanel.cpp in Sources */ = {isa = PBXBuildFile; fileRef = 468C5C0B923CB8AE8E1F64B2 /* ofxPanel.cpp */; };
		B4642F25D639EE6023813444 /* AudioRings.cpp in Sources */ = {isa = PBXBuildFile; fileRef = CDCD8B75F6255A4469C4FF2A /* AudioRings.cpp */; };
		B790DA4F42194210B9259E42 /* VisualEffectsManager.cpp in Sources */ = {isa = PBXBuildFile; fileRef = BEDDA11B665FA62A298B7C39 /* VisualEffectsManager.cpp */; };
		B7993B374B98F50CBD9EC220 /* README.md in Sources */ = {isa = PBXBuildFile; fileRef = 074978820820325AB8737225 /* README.md */; };
		B7ACBE3160E0DBFFC5C7E3F6 /* LedsManager.cpp in Sources */ = {isa = PBXBuildFile; fileRef = 3068E1AB68C63017BD182FB6 /* LedsManager.cpp */; };
		C6B3BFC2668F137F745DC3C6 /* CameraAnimationsManager.cpp in Sources */ = {isa = PBXBuildFile; fileRef = 3C01FEEAD29823C01C4EEC27 /* CameraAnimationsManager.cpp */; };
		CD015DF253A60F787EF1AC47 /* MouseManager.cpp in Sources */ = {isa = PBXBuildFile; fileRef = 2F4F6C3999500EA719E55018 /* MouseManager.cpp */; };
		D5B3A62F0633EA400A61BC2D /* readme.md in Sources */ = {isa = PBXBuildFile; fileRef = ABC62F6A13AD95BD1352F34A /* readme.md */; };
		D75E4524BBB94FF34BF7DD48 /* ReleaseNotes in Sources */ = {isa = PBXBuildFile; fileRef = A7F27238F9FD8030ED3D1676 /* ReleaseNotes */; };
		DA22DA3A4F2E611DF50078F2 /* main.cpp in Sources */ = {isa = PBXBuildFile; fileRef = 6E3F47F486843AA062205007 /* main.cpp */; };
		DB05E98D002D6650AA23E87B /* TextVisual.cpp in Sources */ = {isa = PBXBuildFile; fileRef = 0227F9BE14631C9FE7CA55B1 /* TextVisual.cpp */; };
		DC16DA963E4E5873F0AE7C9E /* LightManager.cpp in Sources */ = {isa = PBXBuildFile; fileRef = 09F8F2DF1D53E65319F30B96 /* LightManager.cpp */; };
		DEBDF1F781CA34214BEBD185 /* RectangleVisual.cpp in Sources */ = {isa = PBXBuildFile; fileRef = 96ADFA6EE75BC1E2BEDC0EAE /* RectangleVisual.cpp */; };
		DFB7FCD0228E57BF934455BF /* PixelsManager.cpp in Sources */ = {isa = PBXBuildFile; fileRef = 2DA4140CB9F9BA9FCD8FDE10 /* PixelsManager.cpp */; };
		E4328149138ABC9F0047C5CB /* openFrameworksDebug.a in Frameworks */ = {isa = PBXBuildFile; fileRef = E4328148138ABC890047C5CB /* openFrameworksDebug.a */; };
		E52FDB0A252ABFA7DDA0A0D9 /* AudioVisualsManager.cpp in Sources */ = {isa = PBXBuildFile; fileRef = 5DBBF8CC4251CC0A68B8B2F5 /* AudioVisualsManager.cpp */; };
		E66F471FC218F559192473CB /* VideoVisual.cpp in Sources */ = {isa = PBXBuildFile; fileRef = 478D509B2DE7CC0EC16A7E2A /* VideoVisual.cpp */; };
		E76816EF014518B0B3E83C39 /* ofxSvg.cpp in Sources */ = {isa = PBXBuildFile; fileRef = 73DCC3AF2CF91782437F76A9 /* ofxSvg.cpp */; };
		EC108074DB75C3CD93A7DADF /* ofUTF8.cpp in Sources */ = {isa = PBXBuildFile; fileRef = C4DEA9B316209449F17ED538 /* ofUTF8.cpp */; };
		EF28B4E47642F5ABD48095BA /* ofxToggle.cpp in Sources */ = {isa = PBXBuildFile; fileRef = 5641DE8CEC2154DE44CF8E79 /* ofxToggle.cpp */; };
		F0A0E78E06719D081CD90BD0 /* AudioEqualizer2.cpp in Sources */ = {isa = PBXBuildFile; fileRef = 4A20C765DE7E0ABD322E08A4 /* AudioEqualizer2.cpp */; };
		F2B18FC4884C392D7DF1EBE6 /* Led.cpp in Sources */ = {isa = PBXBuildFile; fileRef = 2F7727AEC400E4B2D5D6C9D3 /* Led.cpp */; };
		F7A839F9196EBBBCA98E0555 /* NoiseManager.cpp in Sources */ = {isa = PBXBuildFile; fileRef = 90674964F311EA9EE1680EC6 /* NoiseManager.cpp */; };
		F7EA3801298F5E54967C119B /* ImageVisual3D.cpp in Sources */ = {isa = PBXBuildFile; fileRef = 3DD6F074B2A9C65331157B2C /* ImageVisual3D.cpp */; };
		FCA1CD00EA2BBEEEBA5C4AC9 /* svgtiny_list.cpp in Sources */ = {isa = PBXBuildFile; fileRef = 64A49DF5E7D940CE6A916D29 /* svgtiny_list.cpp */; };
		FFF1A2DFBD55F2F27A94A363 /* VideoPixelsApp.cpp in Sources */ = {isa = PBXBuildFile; fileRef = EF3FCEDD6FCFFA58EADBEE84 /* VideoPixelsApp.cpp */; };
/* End PBXBuildFile section */

/* Begin PBXContainerItemProxy section */
		E4328147138ABC890047C5CB /* PBXContainerItemProxy */ = {
			isa = PBXContainerItemProxy;
			containerPortal = E4328143138ABC890047C5CB /* openFrameworksLib.xcodeproj */;
			proxyType = 2;
			remoteGlobalIDString = E4B27C1510CBEB8E00536013;
			remoteInfo = openFrameworks;
		};
		E4EEB9AB138B136A00A80321 /* PBXContainerItemProxy */ = {
			isa = PBXContainerItemProxy;
			containerPortal = E4328143138ABC890047C5CB /* openFrameworksLib.xcodeproj */;
			proxyType = 1;
			remoteGlobalIDString = E4B27C1410CBEB8E00536013;
			remoteInfo = openFrameworks;
		};
/* End PBXContainerItemProxy section */

/* Begin PBXCopyFilesBuildPhase section */
		E4C2427710CC5ABF004149E2 /* CopyFiles */ = {
			isa = PBXCopyFilesBuildPhase;
			buildActionMask = 2147483647;
			dstPath = "";
			dstSubfolderSpec = 10;
			files = (
			);
			runOnlyForDeploymentPostprocessing = 0;
		};
/* End PBXCopyFilesBuildPhase section */

/* Begin PBXFileReference section */
		0227F9BE14631C9FE7CA55B1 /* TextVisual.cpp */ = {isa = PBXFileReference; explicitFileType = sourcecode.cpp.cpp; fileEncoding = 30; name = TextVisual.cpp; path = src/Engine/Visuals/TextVisual.cpp; sourceTree = SOURCE_ROOT; };
		033C1534CC9784A74AAC2203 /* ofxDmx.h */ = {isa = PBXFileReference; explicitFileType = sourcecode.c.h; fileEncoding = 30; name = ofxDmx.h; path = src/Addons/ofxDmx/src/ofxDmx.h; sourceTree = SOURCE_ROOT; };
		067A0CB3F8E32F33532D73DE /* ofxGui.h */ = {isa = PBXFileReference; explicitFileType = sourcecode.c.h; fileEncoding = 30; name = ofxGui.h; path = src/Addons/ofxGui/src/ofxGui.h; sourceTree = SOURCE_ROOT; };
		074978820820325AB8737225 /* README.md */ = {isa = PBXFileReference; explicitFileType = file; fileEncoding = 30; name = README.md; path = src/Addons/ofxUnicode/README.md; sourceTree = SOURCE_ROOT; };
		08B7CBED189B4B0DE5B2CD78 /* VideoPixelsApp.h */ = {isa = PBXFileReference; explicitFileType = sourcecode.c.h; fileEncoding = 30; name = VideoPixelsApp.h; path = src/Main/VideoPixelsApp.h; sourceTree = SOURCE_ROOT; };
		08C5194B0C92DDA2A7539395 /* core.h */ = {isa = PBXFileReference; explicitFileType = sourcecode.c.h; fileEncoding = 30; name = core.h; path = src/Addons/ofxUnicode/libs/utf8cpp/src/utf8_v2_3_1/source/utf8/core.h; sourceTree = SOURCE_ROOT; };
		09BB1D7613A1F9D8E8B11D7A /* KeyboardManager.h */ = {isa = PBXFileReference; explicitFileType = sourcecode.c.h; fileEncoding = 30; name = KeyboardManager.h; path = src/I0/KeyboardManager.h; sourceTree = SOURCE_ROOT; };
		09F8F2DF1D53E65319F30B96 /* LightManager.cpp */ = {isa = PBXFileReference; explicitFileType = sourcecode.cpp.cpp; fileEncoding = 30; name = LightManager.cpp; path = src/Engine/3D/LightManager.cpp; sourceTree = SOURCE_ROOT; };
		0ACA94EAF2C7DCA9EE906D69 /* svgtiny_internal.h */ = {isa = PBXFileReference; explicitFileType = sourcecode.c.h; fileEncoding = 30; name = svgtiny_internal.h; path = src/Addons/ofxSvg/libs/svgTiny/src/svgtiny_internal.h; sourceTree = SOURCE_ROOT; };
		0C1C0F60B9ED693828ED32A8 /* ofUnicode.h */ = {isa = PBXFileReference; explicitFileType = sourcecode.c.h; fileEncoding = 30; name = ofUnicode.h; path = src/Addons/ofxUnicode/src/ofUnicode.h; sourceTree = SOURCE_ROOT; };
		0E13F8EA447BEE4F113C15AB /* ofTextConverter.cpp */ = {isa = PBXFileReference; explicitFileType = sourcecode.cpp.cpp; fileEncoding = 30; name = ofTextConverter.cpp; path = src/Addons/ofxUnicode/src/ofTextConverter.cpp; sourceTree = SOURCE_ROOT; };
		0E17290758600C060256DA40 /* MouseManager.h */ = {isa = PBXFileReference; explicitFileType = sourcecode.c.h; fileEncoding = 30; name = MouseManager.h; path = src/I0/MouseManager.h; sourceTree = SOURCE_ROOT; };
		0E2F448EF4CBF5D95E755AEC /* utf8.h */ = {isa = PBXFileReference; explicitFileType = sourcecode.c.h; fileEncoding = 30; name = utf8.h; path = src/Addons/ofxUnicode/libs/utf8cpp/src/utf8_v2_3_1/source/utf8.h; sourceTree = SOURCE_ROOT; };
		11C490A0CA5771C60AE54B4B /* ImageVisual.h */ = {isa = PBXFileReference; explicitFileType = sourcecode.c.h; fileEncoding = 30; name = ImageVisual.h; path = src/Engine/Visuals/ImageVisual.h; sourceTree = SOURCE_ROOT; };
		16DB6BE691528929B0B76B4A /* EngineFont.h */ = {isa = PBXFileReference; explicitFileType = sourcecode.c.h; fileEncoding = 30; name = EngineFont.h; path = src/Engine/Tools/EngineFont.h; sourceTree = SOURCE_ROOT; };
		177B2CF2F12B417629282688 /* utf8cpp.html */ = {isa = PBXFileReference; explicitFileType = file; fileEncoding = 30; name = utf8cpp.html; path = src/Addons/ofxUnicode/libs/utf8cpp/src/utf8_v2_3_1/doc/utf8cpp.html; sourceTree = SOURCE_ROOT; };
		19361E6857FB31277A2FEE46 /* SvgVisual.cpp */ = {isa = PBXFileReference; explicitFileType = sourcecode.cpp.cpp; fileEncoding = 30; name = SvgVisual.cpp; path = src/Engine/Visuals/SvgVisual.cpp; sourceTree = SOURCE_ROOT; };
		1A8C10576CE2A624C8161140 /* ofxFFTBase.cpp */ = {isa = PBXFileReference; explicitFileType = sourcecode.cpp.cpp; fileEncoding = 30; name = ofxFFTBase.cpp; path = src/Addons/ofxFFT/src/ofxFFTBase.cpp; sourceTree = SOURCE_ROOT; };
		1D7B4D07648F9CB293716166 /* ImageVisual3D.h */ = {isa = PBXFileReference; explicitFileType = sourcecode.c.h; fileEncoding = 30; name = ImageVisual3D.h; path = src/Engine/Visuals/ImageVisual3D.h; sourceTree = SOURCE_ROOT; };
		1E0FC185DC65CED9B6295DDD /* checked.h */ = {isa = PBXFileReference; explicitFileType = sourcecode.c.h; fileEncoding = 30; name = checked.h; path = src/Addons/ofxUnicode/libs/utf8cpp/src/utf8_v2_3_1/source/utf8/checked.h; sourceTree = SOURCE_ROOT; };
		1F6584F96693D0D8399C3C75 /* ofUTF8.h */ = {isa = PBXFileReference; explicitFileType = sourcecode.c.h; fileEncoding = 30; name = ofUTF8.h; path = src/Addons/ofxUnicode/src/ofUTF8.h; sourceTree = SOURCE_ROOT; };
		231CBABD013CA50504B82828 /* NoiseManager.h */ = {isa = PBXFileReference; explicitFileType = sourcecode.c.h; fileEncoding = 30; name = NoiseManager.h; path = src/Visuals/NoiseManager.h; sourceTree = SOURCE_ROOT; };
		2439459279E4F17AA04A1192 /* ofxSliderGroup.h */ = {isa = PBXFileReference; explicitFileType = sourcecode.c.h; fileEncoding = 30; name = ofxSliderGroup.h; path = src/Addons/ofxGui/src/ofxSliderGroup.h; sourceTree = SOURCE_ROOT; };
		2518020E1EC788737ADC26C7 /* ofxPanel.h */ = {isa = PBXFileReference; explicitFileType = sourcecode.c.h; fileEncoding = 30; name = ofxPanel.h; path = src/Addons/ofxGui/src/ofxPanel.h; sourceTree = SOURCE_ROOT; };
		2990685E1D17096D1F9B64CF /* VideoManager.cpp */ = {isa = PBXFileReference; explicitFileType = sourcecode.cpp.cpp; fileEncoding = 30; name = VideoManager.cpp; path = src/Visuals/VideoManager.cpp; sourceTree = SOURCE_ROOT; };
		2A2B7E7FDC1CFF4A547CC661 /* VisualEffects.h */ = {isa = PBXFileReference; explicitFileType = sourcecode.c.h; fileEncoding = 30; name = VisualEffects.h; path = src/Engine/Visuals/VisualEffects.h; sourceTree = SOURCE_ROOT; };
		2DA4140CB9F9BA9FCD8FDE10 /* PixelsManager.cpp */ = {isa = PBXFileReference; explicitFileType = sourcecode.cpp.cpp; fileEncoding = 30; name = PixelsManager.cpp; path = src/Pixels/PixelsManager.cpp; sourceTree = SOURCE_ROOT; };
		2F4F6C3999500EA719E55018 /* MouseManager.cpp */ = {isa = PBXFileReference; explicitFileType = sourcecode.cpp.cpp; fileEncoding = 30; name = MouseManager.cpp; path = src/I0/MouseManager.cpp; sourceTree = SOURCE_ROOT; };
		2F7727AEC400E4B2D5D6C9D3 /* Led.cpp */ = {isa = PBXFileReference; explicitFileType = sourcecode.cpp.cpp; fileEncoding = 30; name = Led.cpp; path = src/Pixels/Led.cpp; sourceTree = SOURCE_ROOT; };
		3068E1AB68C63017BD182FB6 /* LedsManager.cpp */ = {isa = PBXFileReference; explicitFileType = sourcecode.cpp.cpp; fileEncoding = 30; name = LedsManager.cpp; path = src/Pixels/LedsManager.cpp; sourceTree = SOURCE_ROOT; };
		35EBB6672C5F6599BB3C5867 /* LedsManager.h */ = {isa = PBXFileReference; explicitFileType = sourcecode.c.h; fileEncoding = 30; name = LedsManager.h; path = src/Pixels/LedsManager.h; sourceTree = SOURCE_ROOT; };
		3656BF3981C35A273806DCEB /* BasicVisual.h */ = {isa = PBXFileReference; explicitFileType = sourcecode.c.h; fileEncoding = 30; name = BasicVisual.h; path = src/Engine/Visuals/BasicVisual.h; sourceTree = SOURCE_ROOT; };
		3A260C79069FA7DEF9728CEC /* KeyboardManager.cpp */ = {isa = PBXFileReference; explicitFileType = sourcecode.cpp.cpp; fileEncoding = 30; name = KeyboardManager.cpp; path = src/I0/KeyboardManager.cpp; sourceTree = SOURCE_ROOT; };
		3BCE0794E19FC20EABD2173D /* ofxSlider.h */ = {isa = PBXFileReference; explicitFileType = sourcecode.c.h; fileEncoding = 30; name = ofxSlider.h; path = src/Addons/ofxGui/src/ofxSlider.h; sourceTree = SOURCE_ROOT; };
		3C01FEEAD29823C01C4EEC27 /* CameraAnimationsManager.cpp */ = {isa = PBXFileReference; explicitFileType = sourcecode.cpp.cpp; fileEncoding = 30; name = CameraAnimationsManager.cpp; path = src/Engine/3D/CameraAnimationsManager.cpp; sourceTree = SOURCE_ROOT; };
		3DD6F074B2A9C65331157B2C /* ImageVisual3D.cpp */ = {isa = PBXFileReference; explicitFileType = sourcecode.cpp.cpp; fileEncoding = 30; name = ImageVisual3D.cpp; path = src/Engine/Visuals/ImageVisual3D.cpp; sourceTree = SOURCE_ROOT; };
		4229475864D5EBC7913C8351 /* LayoutManager.cpp */ = {isa = PBXFileReference; explicitFileType = sourcecode.cpp.cpp; fileEncoding = 30; name = LayoutManager.cpp; path = src/Layout/LayoutManager.cpp; sourceTree = SOURCE_ROOT; };
		468C5C0B923CB8AE8E1F64B2 /* ofxPanel.cpp */ = {isa = PBXFileReference; explicitFileType = sourcecode.cpp.cpp; fileEncoding = 30; name = ofxPanel.cpp; path = src/Addons/ofxGui/src/ofxPanel.cpp; sourceTree = SOURCE_ROOT; };
		478D509B2DE7CC0EC16A7E2A /* VideoVisual.cpp */ = {isa = PBXFileReference; explicitFileType = sourcecode.cpp.cpp; fileEncoding = 30; name = VideoVisual.cpp; path = src/Engine/Visuals/VideoVisual.cpp; sourceTree = SOURCE_ROOT; };
		4799E8C98F3DDAE765CD58DF /* ofxScrollView.cpp */ = {isa = PBXFileReference; explicitFileType = sourcecode.cpp.cpp; fileEncoding = 30; name = ofxScrollView.cpp; path = src/Addons/ofxScrollView/src/ofxScrollView.cpp; sourceTree = SOURCE_ROOT; };
		4907E8B0250B798D3E6F09A1 /* GuiManager.cpp */ = {isa = PBXFileReference; explicitFileType = sourcecode.cpp.cpp; fileEncoding = 30; name = GuiManager.cpp; path = src/Layout/GuiManager.cpp; sourceTree = SOURCE_ROOT; };
		496FB8BB67BF37BF8B96AD33 /* SettingsManager.h */ = {isa = PBXFileReference; explicitFileType = sourcecode.c.h; fileEncoding = 30; name = SettingsManager.h; path = src/Main/SettingsManager.h; sourceTree = SOURCE_ROOT; };
		4A20C765DE7E0ABD322E08A4 /* AudioEqualizer2.cpp */ = {isa = PBXFileReference; explicitFileType = sourcecode.cpp.cpp; fileEncoding = 30; name = AudioEqualizer2.cpp; path = src/Visuals/AudioEqualizer2.cpp; sourceTree = SOURCE_ROOT; };
		4C24B2C372E7EE6C3EDCE881 /* VideoVisual.h */ = {isa = PBXFileReference; explicitFileType = sourcecode.c.h; fileEncoding = 30; name = VideoVisual.h; path = src/Engine/Visuals/VideoVisual.h; sourceTree = SOURCE_ROOT; };
		4D754721E861E6CE4A240527 /* AudioParticles.h */ = {isa = PBXFileReference; explicitFileType = sourcecode.c.h; fileEncoding = 30; name = AudioParticles.h; path = src/Visuals/AudioParticles.h; sourceTree = SOURCE_ROOT; };
		4F661FE0411AA0AC01E34CB7 /* ImageVisual.cpp */ = {isa = PBXFileReference; explicitFileType = sourcecode.cpp.cpp; fileEncoding = 30; name = ImageVisual.cpp; path = src/Engine/Visuals/ImageVisual.cpp; sourceTree = SOURCE_ROOT; };
		4FE37A31C904F445222B25FC /* ViewManager.cpp */ = {isa = PBXFileReference; explicitFileType = sourcecode.cpp.cpp; fileEncoding = 30; name = ViewManager.cpp; path = src/Engine/Visuals/ViewManager.cpp; sourceTree = SOURCE_ROOT; };
		5056FC61E30B9810903B814D /* AppManager.cpp */ = {isa = PBXFileReference; explicitFileType = sourcecode.cpp.cpp; fileEncoding = 30; name = AppManager.cpp; path = src/Main/AppManager.cpp; sourceTree = SOURCE_ROOT; };
		5641DE8CEC2154DE44CF8E79 /* ofxToggle.cpp */ = {isa = PBXFileReference; explicitFileType = sourcecode.cpp.cpp; fileEncoding = 30; name = ofxToggle.cpp; path = src/Addons/ofxGui/src/ofxToggle.cpp; sourceTree = SOURCE_ROOT; };
		56E991FC0AE7E20FD398127D /* src_colors.cpp */ = {isa = PBXFileReference; explicitFileType = sourcecode.cpp.cpp; fileEncoding = 30; name = src_colors.cpp; path = src/Addons/ofxSvg/libs/svgTiny/src/src_colors.cpp; sourceTree = SOURCE_ROOT; };
		56EE0D2D7FBE726EF8641A72 /* ofxFFTLive.cpp */ = {isa = PBXFileReference; explicitFileType = sourcecode.cpp.cpp; fileEncoding = 30; name = ofxFFTLive.cpp; path = src/Addons/ofxFFT/src/ofxFFTLive.cpp; sourceTree = SOURCE_ROOT; };
		571B6B39F394FAF08F96D36A /* AudioRings.h */ = {isa = PBXFileReference; explicitFileType = sourcecode.c.h; fileEncoding = 30; name = AudioRings.h; path = src/Visuals/AudioRings.h; sourceTree = SOURCE_ROOT; };
		589087FD6A45E7AD2FF3CD32 /* ofxSvg.h */ = {isa = PBXFileReference; explicitFileType = sourcecode.c.h; fileEncoding = 30; name = ofxSvg.h; path = src/Addons/ofxSvg/src/ofxSvg.h; sourceTree = SOURCE_ROOT; };
		589D5A41B8E9E3B5FC11BCDB /* core.h */ = {isa = PBXFileReference; explicitFileType = sourcecode.c.h; fileEncoding = 30; name = core.h; path = src/Addons/ofxUnicode/libs/utf8cpp/include/utf8/core.h; sourceTree = SOURCE_ROOT; };
		5B9CF9B2B47C1875E34834E9 /* unchecked.h */ = {isa = PBXFileReference; explicitFileType = sourcecode.c.h; fileEncoding = 30; name = unchecked.h; path = src/Addons/ofxUnicode/libs/utf8cpp/src/utf8_v2_3_1/source/utf8/unchecked.h; sourceTree = SOURCE_ROOT; };
		5DBBF8CC4251CC0A68B8B2F5 /* AudioVisualsManager.cpp */ = {isa = PBXFileReference; explicitFileType = sourcecode.cpp.cpp; fileEncoding = 30; name = AudioVisualsManager.cpp; path = src/Visuals/AudioVisualsManager.cpp; sourceTree = SOURCE_ROOT; };
		5E1973D14232CB5E49FFB984 /* ofxBaseGui.cpp */ = {isa = PBXFileReference; explicitFileType = sourcecode.cpp.cpp; fileEncoding = 30; name = ofxBaseGui.cpp; path = src/Addons/ofxGui/src/ofxBaseGui.cpp; sourceTree = SOURCE_ROOT; };
		5FA64D51DA6D1619944A259C /* ResourceManager.cpp */ = {isa = PBXFileReference; explicitFileType = sourcecode.cpp.cpp; fileEncoding = 30; name = ResourceManager.cpp; path = src/Engine/Resources/ResourceManager.cpp; sourceTree = SOURCE_ROOT; };
		61F02845079B97F56F12A07C /* ofxFFTLive.h */ = {isa = PBXFileReference; explicitFileType = sourcecode.c.h; fileEncoding = 30; name = ofxFFTLive.h; path = src/Addons/ofxFFT/src/ofxFFTLive.h; sourceTree = SOURCE_ROOT; };
		646E911D133ED73F03E4A036 /* ofxToggle.h */ = {isa = PBXFileReference; explicitFileType = sourcecode.c.h; fileEncoding = 30; name = ofxToggle.h; path = src/Addons/ofxGui/src/ofxToggle.h; sourceTree = SOURCE_ROOT; };
		64A49DF5E7D940CE6A916D29 /* svgtiny_list.cpp */ = {isa = PBXFileReference; explicitFileType = sourcecode.cpp.cpp; fileEncoding = 30; name = svgtiny_list.cpp; path = src/Addons/ofxSvg/libs/svgTiny/src/svgtiny_list.cpp; sourceTree = SOURCE_ROOT; };
		67EDBB787A2D6F21FFDD4446 /* VideoManager.h */ = {isa = PBXFileReference; explicitFileType = sourcecode.c.h; fileEncoding = 30; name = VideoManager.h; path = src/Visuals/VideoManager.h; sourceTree = SOURCE_ROOT; };
		682CD55D28B06CEDCFD63D68 /* CameraManager.h */ = {isa = PBXFileReference; explicitFileType = sourcecode.c.h; fileEncoding = 30; name = CameraManager.h; path = src/Engine/3D/CameraManager.h; sourceTree = SOURCE_ROOT; };
		68A02C9D01ED911C09E9874B /* ViewManager.h */ = {isa = PBXFileReference; explicitFileType = sourcecode.c.h; fileEncoding = 30; name = ViewManager.h; path = src/Engine/Visuals/ViewManager.h; sourceTree = SOURCE_ROOT; };
		6D5D010021EF505D97954BAD /* ofUnicode.cpp */ = {isa = PBXFileReference; explicitFileType = sourcecode.cpp.cpp; fileEncoding = 30; name = ofUnicode.cpp; path = src/Addons/ofxUnicode/src/ofUnicode.cpp; sourceTree = SOURCE_ROOT; };
		6D8CDC21948DA9729C956FEC /* AudioParticles.cpp */ = {isa = PBXFileReference; explicitFileType = sourcecode.cpp.cpp; fileEncoding = 30; name = AudioParticles.cpp; path = src/Visuals/AudioParticles.cpp; sourceTree = SOURCE_ROOT; };
		6E3F47F486843AA062205007 /* main.cpp */ = {isa = PBXFileReference; explicitFileType = sourcecode.cpp.cpp; fileEncoding = 30; name = main.cpp; path = src/Main/main.cpp; sourceTree = SOURCE_ROOT; };
		71EF984EC44E239BE26DBB24 /* EngineFont.cpp */ = {isa = PBXFileReference; explicitFileType = sourcecode.cpp.cpp; fileEncoding = 30; name = EngineFont.cpp; path = src/Engine/Tools/EngineFont.cpp; sourceTree = SOURCE_ROOT; };
		737D5FFC20E0808A448E192B /* SvgVisual.h */ = {isa = PBXFileReference; explicitFileType = sourcecode.c.h; fileEncoding = 30; name = SvgVisual.h; path = src/Engine/Visuals/SvgVisual.h; sourceTree = SOURCE_ROOT; };
		73B831DDAB58EC89B0D0BDEA /* ofxButton.cpp */ = {isa = PBXFileReference; explicitFileType = sourcecode.cpp.cpp; fileEncoding = 30; name = ofxButton.cpp; path = src/Addons/ofxGui/src/ofxButton.cpp; sourceTree = SOURCE_ROOT; };
		73D7AA4CF4895FC3DEEC2978 /* SettingsManager.cpp */ = {isa = PBXFileReference; explicitFileType = sourcecode.cpp.cpp; fileEncoding = 30; name = SettingsManager.cpp; path = src/Main/SettingsManager.cpp; sourceTree = SOURCE_ROOT; };
		73DCC3AF2CF91782437F76A9 /* ofxSvg.cpp */ = {isa = PBXFileReference; explicitFileType = sourcecode.cpp.cpp; fileEncoding = 30; name = ofxSvg.cpp; path = src/Addons/ofxSvg/src/ofxSvg.cpp; sourceTree = SOURCE_ROOT; };
		74A8BF0CC7FBBEF102057043 /* svgtiny.h */ = {isa = PBXFileReference; explicitFileType = sourcecode.c.h; fileEncoding = 30; name = svgtiny.h; path = src/Addons/ofxSvg/libs/svgTiny/src/svgtiny.h; sourceTree = SOURCE_ROOT; };
		78E61E440A21EE9FC6156AAD /* LayoutManager.h */ = {isa = PBXFileReference; explicitFileType = sourcecode.c.h; fileEncoding = 30; name = LayoutManager.h; path = src/Layout/LayoutManager.h; sourceTree = SOURCE_ROOT; };
		81212C9B727614B22FFBEC2C /* ofxSlider.cpp */ = {isa = PBXFileReference; explicitFileType = sourcecode.cpp.cpp; fileEncoding = 30; name = ofxSlider.cpp; path = src/Addons/ofxGui/src/ofxSlider.cpp; sourceTree = SOURCE_ROOT; };
		8384A728E256DD9797D5BCF7 /* fft.cpp */ = {isa = PBXFileReference; explicitFileType = sourcecode.cpp.cpp; fileEncoding = 30; name = fft.cpp; path = src/Addons/ofxFFT/libs/fft.cpp; sourceTree = SOURCE_ROOT; };
		8729A2323014D158DBFC5AD8 /* ImageManager.h */ = {isa = PBXFileReference; explicitFileType = sourcecode.c.h; fileEncoding = 30; name = ImageManager.h; path = src/Visuals/ImageManager.h; sourceTree = SOURCE_ROOT; };
		89DFBB918E3BCAFB0C93CAF3 /* CameraManager.cpp */ = {isa = PBXFileReference; explicitFileType = sourcecode.cpp.cpp; fileEncoding = 30; name = CameraManager.cpp; path = src/Engine/3D/CameraManager.cpp; sourceTree = SOURCE_ROOT; };
		8AF95DAC673CB0EF45D3A73E /* ofxLabel.h */ = {isa = PBXFileReference; explicitFileType = sourcecode.c.h; fileEncoding = 30; name = ofxLabel.h; path = src/Addons/ofxGui/src/ofxLabel.h; sourceTree = SOURCE_ROOT; };
		8FB1B9ACEC3FAEFC760647CD /* Led.h */ = {isa = PBXFileReference; explicitFileType = sourcecode.c.h; fileEncoding = 30; name = Led.h; path = src/Pixels/Led.h; sourceTree = SOURCE_ROOT; };
		90674964F311EA9EE1680EC6 /* NoiseManager.cpp */ = {isa = PBXFileReference; explicitFileType = sourcecode.cpp.cpp; fileEncoding = 30; name = NoiseManager.cpp; path = src/Visuals/NoiseManager.cpp; sourceTree = SOURCE_ROOT; };
		9346DD5802049A6D5EF1DC05 /* PixelsManager.h */ = {isa = PBXFileReference; explicitFileType = sourcecode.c.h; fileEncoding = 30; name = PixelsManager.h; path = src/Pixels/PixelsManager.h; sourceTree = SOURCE_ROOT; };
		96ADFA6EE75BC1E2BEDC0EAE /* RectangleVisual.cpp */ = {isa = PBXFileReference; explicitFileType = sourcecode.cpp.cpp; fileEncoding = 30; name = RectangleVisual.cpp; path = src/Engine/Visuals/RectangleVisual.cpp; sourceTree = SOURCE_ROOT; };
		9A41D072889FC9C8F4082F5C /* CameraAnimationsManager.h */ = {isa = PBXFileReference; explicitFileType = sourcecode.c.h; fileEncoding = 30; name = CameraAnimationsManager.h; path = src/Engine/3D/CameraAnimationsManager.h; sourceTree = SOURCE_ROOT; };
		9BD3C8D3CE2F9DE9C86B751B /* utf8.h */ = {isa = PBXFileReference; explicitFileType = sourcecode.c.h; fileEncoding = 30; name = utf8.h; path = src/Addons/ofxUnicode/libs/utf8cpp/include/utf8.h; sourceTree = SOURCE_ROOT; };
		9C67249D70841A7148965565 /* TextVisual.h */ = {isa = PBXFileReference; explicitFileType = sourcecode.c.h; fileEncoding = 30; name = TextVisual.h; path = src/Engine/Visuals/TextVisual.h; sourceTree = SOURCE_ROOT; };
		9CFC18D2683D682C2520FF9E /* ofxFFTFile.cpp */ = {isa = PBXFileReference; explicitFileType = sourcecode.cpp.cpp; fileEncoding = 30; name = ofxFFTFile.cpp; path = src/Addons/ofxFFT/src/ofxFFTFile.cpp; sourceTree = SOURCE_ROOT; };
		9ED2D89B10F4457477670D32 /* svgtiny.cpp */ = {isa = PBXFileReference; explicitFileType = sourcecode.cpp.cpp; fileEncoding = 30; name = svgtiny.cpp; path = src/Addons/ofxSvg/libs/svgTiny/src/svgtiny.cpp; sourceTree = SOURCE_ROOT; };
		A05F1DCF8180DEEC9FBAE585 /* CameraAnimations.cpp */ = {isa = PBXFileReference; explicitFileType = sourcecode.cpp.cpp; fileEncoding = 30; name = CameraAnimations.cpp; path = src/Engine/3D/CameraAnimations.cpp; sourceTree = SOURCE_ROOT; };
		A7F27238F9FD8030ED3D1676 /* ReleaseNotes */ = {isa = PBXFileReference; explicitFileType = file; fileEncoding = 30; name = ReleaseNotes; path = src/Addons/ofxUnicode/libs/utf8cpp/src/utf8_v2_3_1/doc/ReleaseNotes; sourceTree = SOURCE_ROOT; };
		A9DC5C900B0CD2D9358CB442 /* AudioVisualsManager.h */ = {isa = PBXFileReference; explicitFileType = sourcecode.c.h; fileEncoding = 30; name = AudioVisualsManager.h; path = src/Visuals/AudioVisualsManager.h; sourceTree = SOURCE_ROOT; };
		ABC62F6A13AD95BD1352F34A /* readme.md */ = {isa = PBXFileReference; explicitFileType = file; fileEncoding = 30; name = readme.md; path = src/Addons/ofxDmx/readme.md; sourceTree = SOURCE_ROOT; };
		B07078937D5FFD49205661FC /* unchecked.h */ = {isa = PBXFileReference; explicitFileType = sourcecode.c.h; fileEncoding = 30; name = unchecked.h; path = src/Addons/ofxUnicode/libs/utf8cpp/include/utf8/unchecked.h; sourceTree = SOURCE_ROOT; };
		B42D4D67120A6B26A06BC291 /* ofxScrollView.h */ = {isa = PBXFileReference; explicitFileType = sourcecode.c.h; fileEncoding = 30; name = ofxScrollView.h; path = src/Addons/ofxScrollView/src/ofxScrollView.h; sourceTree = SOURCE_ROOT; };
		B4A1CE60B1AC164DA8880771 /* ofxGuiGroup.cpp */ = {isa = PBXFileReference; explicitFileType = sourcecode.cpp.cpp; fileEncoding = 30; name = ofxGuiGroup.cpp; path = src/Addons/ofxGui/src/ofxGuiGroup.cpp; sourceTree = SOURCE_ROOT; };
		B547CB12EF291416F7BEA4E9 /* AudioEqualizer2.h */ = {isa = PBXFileReference; explicitFileType = sourcecode.c.h; fileEncoding = 30; name = AudioEqualizer2.h; path = src/Visuals/AudioEqualizer2.h; sourceTree = SOURCE_ROOT; };
		BB5B275D5DF19F6739286BA6 /* ofxFFTFile.h */ = {isa = PBXFileReference; explicitFileType = sourcecode.c.h; fileEncoding = 30; name = ofxFFTFile.h; path = src/Addons/ofxFFT/src/ofxFFTFile.h; sourceTree = SOURCE_ROOT; };
		BCA8D58893AB768590F6240F /* ofxGuiGroup.h */ = {isa = PBXFileReference; explicitFileType = sourcecode.c.h; fileEncoding = 30; name = ofxGuiGroup.h; path = src/Addons/ofxGui/src/ofxGuiGroup.h; sourceTree = SOURCE_ROOT; };
		BCCDDC884835D8E0D60C9A94 /* VisualEffectsManager.h */ = {isa = PBXFileReference; explicitFileType = sourcecode.c.h; fileEncoding = 30; name = VisualEffectsManager.h; path = src/Engine/Visuals/VisualEffectsManager.h; sourceTree = SOURCE_ROOT; };
		BEDDA11B665FA62A298B7C39 /* VisualEffectsManager.cpp */ = {isa = PBXFileReference; explicitFileType = sourcecode.cpp.cpp; fileEncoding = 30; name = VisualEffectsManager.cpp; path = src/Engine/Visuals/VisualEffectsManager.cpp; sourceTree = SOURCE_ROOT; };
		BF8A24D906675604DC2873AD /* ofTextConverter.h */ = {isa = PBXFileReference; explicitFileType = sourcecode.c.h; fileEncoding = 30; name = ofTextConverter.h; path = src/Addons/ofxUnicode/src/ofTextConverter.h; sourceTree = SOURCE_ROOT; };
		C4DEA9B316209449F17ED538 /* ofUTF8.cpp */ = {isa = PBXFileReference; explicitFileType = sourcecode.cpp.cpp; fileEncoding = 30; name = ofUTF8.cpp; path = src/Addons/ofxUnicode/src/ofUTF8.cpp; sourceTree = SOURCE_ROOT; };
		C5B2FDB91DADF7FAA8F0E58C /* ImageManager.cpp */ = {isa = PBXFileReference; explicitFileType = sourcecode.cpp.cpp; fileEncoding = 30; name = ImageManager.cpp; path = src/Visuals/ImageManager.cpp; sourceTree = SOURCE_ROOT; };
		C5C837BC8A64CCF1A788C49A /* checked.h */ = {isa = PBXFileReference; explicitFileType = sourcecode.c.h; fileEncoding = 30; name = checked.h; path = src/Addons/ofxUnicode/libs/utf8cpp/include/utf8/checked.h; sourceTree = SOURCE_ROOT; };
		CDCD8B75F6255A4469C4FF2A /* AudioRings.cpp */ = {isa = PBXFileReference; explicitFileType = sourcecode.cpp.cpp; fileEncoding = 30; name = AudioRings.cpp; path = src/Visuals/AudioRings.cpp; sourceTree = SOURCE_ROOT; };
		CF3B0C7A43C634CC4E229AB2 /* ofxBaseGui.h */ = {isa = PBXFileReference; explicitFileType = sourcecode.c.h; fileEncoding = 30; name = ofxBaseGui.h; path = src/Addons/ofxGui/src/ofxBaseGui.h; sourceTree = SOURCE_ROOT; };
		D05795425FA109A436DC4BAE /* fft.h */ = {isa = PBXFileReference; explicitFileType = sourcecode.c.h; fileEncoding = 30; name = fft.h; path = src/Addons/ofxFFT/libs/fft.h; sourceTree = SOURCE_ROOT; };
		D26C09D837E4FD6CBDBE2B8C /* AppManager.h */ = {isa = PBXFileReference; explicitFileType = sourcecode.c.h; fileEncoding = 30; name = AppManager.h; path = src/Main/AppManager.h; sourceTree = SOURCE_ROOT; };
		DA2BEEEFB535A7D4C2159448 /* LightManager.h */ = {isa = PBXFileReference; explicitFileType = sourcecode.c.h; fileEncoding = 30; name = LightManager.h; path = src/Engine/3D/LightManager.h; sourceTree = SOURCE_ROOT; };
		DB7AEB477FE6E3AB9856A3CA /* ofxSliderGroup.cpp */ = {isa = PBXFileReference; explicitFileType = sourcecode.cpp.cpp; fileEncoding = 30; name = ofxSliderGroup.cpp; path = src/Addons/ofxGui/src/ofxSliderGroup.cpp; sourceTree = SOURCE_ROOT; };
		DCB9CB9C1093718FA5F131FA /* VisualEffects.cpp */ = {isa = PBXFileReference; explicitFileType = sourcecode.cpp.cpp; fileEncoding = 30; name = VisualEffects.cpp; path = src/Engine/Visuals/VisualEffects.cpp; sourceTree = SOURCE_ROOT; };
		DD70B2772EF33404053225B4 /* RectangleVisual.h */ = {isa = PBXFileReference; explicitFileType = sourcecode.c.h; fileEncoding = 30; name = RectangleVisual.h; path = src/Engine/Visuals/RectangleVisual.h; sourceTree = SOURCE_ROOT; };
		E4328143138ABC890047C5CB /* openFrameworksLib.xcodeproj */ = {isa = PBXFileReference; lastKnownFileType = "wrapper.pb-project"; name = openFrameworksLib.xcodeproj; path = ../../../libs/openFrameworksCompiled/project/osx/openFrameworksLib.xcodeproj; sourceTree = SOURCE_ROOT; };
		E4B69B5B0A3A1756003C02F2 /* VideoPixelsDebug.app */ = {isa = PBXFileReference; explicitFileType = wrapper.application; includeInIndex = 0; path = VideoPixelsDebug.app; sourceTree = BUILT_PRODUCTS_DIR; };
		E4B6FCAD0C3E899E008CF71C /* openFrameworks-Info.plist */ = {isa = PBXFileReference; fileEncoding = 30; lastKnownFileType = text.plist.xml; path = "openFrameworks-Info.plist"; sourceTree = "<group>"; };
		E4EB691F138AFCF100A09F29 /* CoreOF.xcconfig */ = {isa = PBXFileReference; fileEncoding = 4; lastKnownFileType = text.xcconfig; name = CoreOF.xcconfig; path = ../../../libs/openFrameworksCompiled/project/osx/CoreOF.xcconfig; sourceTree = SOURCE_ROOT; };
		E4EB6923138AFD0F00A09F29 /* Project.xcconfig */ = {isa = PBXFileReference; fileEncoding = 4; lastKnownFileType = text.xcconfig; path = Project.xcconfig; sourceTree = "<group>"; };
		EC1D52FAF4DB276D25FC6AC2 /* ofxDmx.cpp */ = {isa = PBXFileReference; explicitFileType = sourcecode.cpp.cpp; fileEncoding = 30; name = ofxDmx.cpp; path = src/Addons/ofxDmx/src/ofxDmx.cpp; sourceTree = SOURCE_ROOT; };
		EF3FCEDD6FCFFA58EADBEE84 /* VideoPixelsApp.cpp */ = {isa = PBXFileReference; explicitFileType = sourcecode.cpp.cpp; fileEncoding = 30; name = VideoPixelsApp.cpp; path = src/Main/VideoPixelsApp.cpp; sourceTree = SOURCE_ROOT; };
		F780FE4898F23B9D580DB281 /* ofxButton.h */ = {isa = PBXFileReference; explicitFileType = sourcecode.c.h; fileEncoding = 30; name = ofxButton.h; path = src/Addons/ofxGui/src/ofxButton.h; sourceTree = SOURCE_ROOT; };
		F7D513F7C92E3C60F81B1A61 /* ResourceManager.h */ = {isa = PBXFileReference; explicitFileType = sourcecode.c.h; fileEncoding = 30; name = ResourceManager.h; path = src/Engine/Resources/ResourceManager.h; sourceTree = SOURCE_ROOT; };
		F8F59BB673171E652227B3A2 /* license.md */ = {isa = PBXFileReference; explicitFileType = file; fileEncoding = 30; name = license.md; path = src/Addons/ofxDmx/license.md; sourceTree = SOURCE_ROOT; };
		F94F04C2A3BFBCB8D6F36DEB /* Manager.h */ = {isa = PBXFileReference; explicitFileType = sourcecode.c.h; fileEncoding = 30; name = Manager.h; path = src/Main/Manager.h; sourceTree = SOURCE_ROOT; };
		FD4DF2284F5D80C655A0D429 /* CameraAnimations.h */ = {isa = PBXFileReference; explicitFileType = sourcecode.c.h; fileEncoding = 30; name = CameraAnimations.h; path = src/Engine/3D/CameraAnimations.h; sourceTree = SOURCE_ROOT; };
		FD4F639B12AA5C1013177E49 /* svgtiny_gradient.cpp */ = {isa = PBXFileReference; explicitFileType = sourcecode.cpp.cpp; fileEncoding = 30; name = svgtiny_gradient.cpp; path = src/Addons/ofxSvg/libs/svgTiny/src/svgtiny_gradient.cpp; sourceTree = SOURCE_ROOT; };
		FD8E463D31814B448EDFB543 /* ofxFFTBase.h */ = {isa = PBXFileReference; explicitFileType = sourcecode.c.h; fileEncoding = 30; name = ofxFFTBase.h; path = src/Addons/ofxFFT/src/ofxFFTBase.h; sourceTree = SOURCE_ROOT; };
		FE7866A2B096C94A5A2E83AC /* ofxLabel.cpp */ = {isa = PBXFileReference; explicitFileType = sourcecode.cpp.cpp; fileEncoding = 30; name = ofxLabel.cpp; path = src/Addons/ofxGui/src/ofxLabel.cpp; sourceTree = SOURCE_ROOT; };
		FF71FE1412779C0AE111BC56 /* GuiManager.h */ = {isa = PBXFileReference; explicitFileType = sourcecode.c.h; fileEncoding = 30; name = GuiManager.h; path = src/Layout/GuiManager.h; sourceTree = SOURCE_ROOT; };
/* End PBXFileReference section */

/* Begin PBXFrameworksBuildPhase section */
		E4B69B590A3A1756003C02F2 /* Frameworks */ = {
			isa = PBXFrameworksBuildPhase;
			buildActionMask = 2147483647;
			files = (
				E4328149138ABC9F0047C5CB /* openFrameworksDebug.a in Frameworks */,
			);
			runOnlyForDeploymentPostprocessing = 0;
		};
/* End PBXFrameworksBuildPhase section */

/* Begin PBXGroup section */
		0564C083037E0848473DDC94 /* I0 */ = {
			isa = PBXGroup;
			children = (
				3A260C79069FA7DEF9728CEC /* KeyboardManager.cpp */,
				09BB1D7613A1F9D8E8B11D7A /* KeyboardManager.h */,
				2F4F6C3999500EA719E55018 /* MouseManager.cpp */,
				0E17290758600C060256DA40 /* MouseManager.h */,
			);
			name = I0;
			sourceTree = "<group>";
		};
		1646F71220FE0F0638559519 /* 3D */ = {
			isa = PBXGroup;
			children = (
				A05F1DCF8180DEEC9FBAE585 /* CameraAnimations.cpp */,
				FD4DF2284F5D80C655A0D429 /* CameraAnimations.h */,
				3C01FEEAD29823C01C4EEC27 /* CameraAnimationsManager.cpp */,
				9A41D072889FC9C8F4082F5C /* CameraAnimationsManager.h */,
				89DFBB918E3BCAFB0C93CAF3 /* CameraManager.cpp */,
				682CD55D28B06CEDCFD63D68 /* CameraManager.h */,
				09F8F2DF1D53E65319F30B96 /* LightManager.cpp */,
				DA2BEEEFB535A7D4C2159448 /* LightManager.h */,
			);
			name = 3D;
			sourceTree = "<group>";
		};
		1B41ADB372A759D872E1D939 /* ofxDmx */ = {
			isa = PBXGroup;
			children = (
				F8F59BB673171E652227B3A2 /* license.md */,
				ABC62F6A13AD95BD1352F34A /* readme.md */,
				5524AB4030D9E1501B70EF30 /* src */,
			);
			name = ofxDmx;
			sourceTree = "<group>";
		};
		1F5F2A3EFD01A69839F767CF /* libs */ = {
			isa = PBXGroup;
			children = (
				B5B317251EFF9153CE0FB4DF /* utf8cpp */,
			);
			name = libs;
			sourceTree = "<group>";
		};
		23A8A29183E3AFA1E013935F /* libs */ = {
			isa = PBXGroup;
			children = (
				3686F6DC88E813F0255672BB /* svgTiny */,
			);
			name = libs;
			sourceTree = "<group>";
		};
		2DC34EA4F41BACD8D9E38D55 /* src */ = {
			isa = PBXGroup;
			children = (
				73DCC3AF2CF91782437F76A9 /* ofxSvg.cpp */,
				589087FD6A45E7AD2FF3CD32 /* ofxSvg.h */,
			);
			name = src;
			sourceTree = "<group>";
		};
		3686F6DC88E813F0255672BB /* svgTiny */ = {
			isa = PBXGroup;
			children = (
				98A510C95A4BFDE3D833A451 /* src */,
			);
			name = svgTiny;
			sourceTree = "<group>";
		};
		375D8B140B52B55EB32EB487 /* Layout */ = {
			isa = PBXGroup;
			children = (
				4907E8B0250B798D3E6F09A1 /* GuiManager.cpp */,
				FF71FE1412779C0AE111BC56 /* GuiManager.h */,
				4229475864D5EBC7913C8351 /* LayoutManager.cpp */,
				78E61E440A21EE9FC6156AAD /* LayoutManager.h */,
			);
			name = Layout;
			sourceTree = "<group>";
		};
		3A9895EE6A66763B10F7DEE1 /* ofxScrollView */ = {
			isa = PBXGroup;
			children = (
				775636AB71A08F7DF1E89E03 /* src */,
			);
			name = ofxScrollView;
			sourceTree = "<group>";
		};
		51215486FD04C7A6B90A7559 /* Visuals */ = {
			isa = PBXGroup;
			children = (
				3656BF3981C35A273806DCEB /* BasicVisual.h */,
				4F661FE0411AA0AC01E34CB7 /* ImageVisual.cpp */,
				11C490A0CA5771C60AE54B4B /* ImageVisual.h */,
				3DD6F074B2A9C65331157B2C /* ImageVisual3D.cpp */,
				1D7B4D07648F9CB293716166 /* ImageVisual3D.h */,
				96ADFA6EE75BC1E2BEDC0EAE /* RectangleVisual.cpp */,
				DD70B2772EF33404053225B4 /* RectangleVisual.h */,
				19361E6857FB31277A2FEE46 /* SvgVisual.cpp */,
				737D5FFC20E0808A448E192B /* SvgVisual.h */,
				0227F9BE14631C9FE7CA55B1 /* TextVisual.cpp */,
				9C67249D70841A7148965565 /* TextVisual.h */,
				478D509B2DE7CC0EC16A7E2A /* VideoVisual.cpp */,
				4C24B2C372E7EE6C3EDCE881 /* VideoVisual.h */,
				4FE37A31C904F445222B25FC /* ViewManager.cpp */,
				68A02C9D01ED911C09E9874B /* ViewManager.h */,
				DCB9CB9C1093718FA5F131FA /* VisualEffects.cpp */,
				2A2B7E7FDC1CFF4A547CC661 /* VisualEffects.h */,
				BEDDA11B665FA62A298B7C39 /* VisualEffectsManager.cpp */,
				BCCDDC884835D8E0D60C9A94 /* VisualEffectsManager.h */,
			);
			name = Visuals;
			sourceTree = "<group>";
		};
		5524AB4030D9E1501B70EF30 /* src */ = {
			isa = PBXGroup;
			children = (
				EC1D52FAF4DB276D25FC6AC2 /* ofxDmx.cpp */,
				033C1534CC9784A74AAC2203 /* ofxDmx.h */,
			);
			name = src;
			sourceTree = "<group>";
		};
		58C8D76E83509B9D19DA59D2 /* ofxGui */ = {
			isa = PBXGroup;
			children = (
				7E4AA9F5E10A5A0F25892548 /* src */,
			);
			name = ofxGui;
			sourceTree = "<group>";
		};
		6948EE371B920CB800B5AC1A /* local_addons */ = {
			isa = PBXGroup;
			children = (
			);
			name = local_addons;
			sourceTree = "<group>";
		};
		74E7C62F161EE559FF034B7F /* Pixels */ = {
			isa = PBXGroup;
			children = (
				2F7727AEC400E4B2D5D6C9D3 /* Led.cpp */,
				8FB1B9ACEC3FAEFC760647CD /* Led.h */,
				3068E1AB68C63017BD182FB6 /* LedsManager.cpp */,
				35EBB6672C5F6599BB3C5867 /* LedsManager.h */,
				2DA4140CB9F9BA9FCD8FDE10 /* PixelsManager.cpp */,
				9346DD5802049A6D5EF1DC05 /* PixelsManager.h */,
			);
			name = Pixels;
			sourceTree = "<group>";
		};
		775636AB71A08F7DF1E89E03 /* src */ = {
			isa = PBXGroup;
			children = (
				4799E8C98F3DDAE765CD58DF /* ofxScrollView.cpp */,
				B42D4D67120A6B26A06BC291 /* ofxScrollView.h */,
			);
			name = src;
			sourceTree = "<group>";
		};
		7E4AA9F5E10A5A0F25892548 /* src */ = {
			isa = PBXGroup;
			children = (
				5E1973D14232CB5E49FFB984 /* ofxBaseGui.cpp */,
				CF3B0C7A43C634CC4E229AB2 /* ofxBaseGui.h */,
				73B831DDAB58EC89B0D0BDEA /* ofxButton.cpp */,
				F780FE4898F23B9D580DB281 /* ofxButton.h */,
				067A0CB3F8E32F33532D73DE /* ofxGui.h */,
				B4A1CE60B1AC164DA8880771 /* ofxGuiGroup.cpp */,
				BCA8D58893AB768590F6240F /* ofxGuiGroup.h */,
				FE7866A2B096C94A5A2E83AC /* ofxLabel.cpp */,
				8AF95DAC673CB0EF45D3A73E /* ofxLabel.h */,
				468C5C0B923CB8AE8E1F64B2 /* ofxPanel.cpp */,
				2518020E1EC788737ADC26C7 /* ofxPanel.h */,
				81212C9B727614B22FFBEC2C /* ofxSlider.cpp */,
				3BCE0794E19FC20EABD2173D /* ofxSlider.h */,
				DB7AEB477FE6E3AB9856A3CA /* ofxSliderGroup.cpp */,
				2439459279E4F17AA04A1192 /* ofxSliderGroup.h */,
				5641DE8CEC2154DE44CF8E79 /* ofxToggle.cpp */,
				646E911D133ED73F03E4A036 /* ofxToggle.h */,
			);
			name = src;
			sourceTree = "<group>";
		};
		8C2FB3644A7D2F8FE6CD8E69 /* ofxSvg */ = {
			isa = PBXGroup;
			children = (
				23A8A29183E3AFA1E013935F /* libs */,
				2DC34EA4F41BACD8D9E38D55 /* src */,
			);
			name = ofxSvg;
			sourceTree = "<group>";
		};
		94BD1EADE301891794206609 /* utf8 */ = {
			isa = PBXGroup;
			children = (
				C5C837BC8A64CCF1A788C49A /* checked.h */,
				589D5A41B8E9E3B5FC11BCDB /* core.h */,
				B07078937D5FFD49205661FC /* unchecked.h */,
			);
			name = utf8;
			sourceTree = "<group>";
		};
		98A510C95A4BFDE3D833A451 /* src */ = {
			isa = PBXGroup;
			children = (
				56E991FC0AE7E20FD398127D /* src_colors.cpp */,
				9ED2D89B10F4457477670D32 /* svgtiny.cpp */,
				74A8BF0CC7FBBEF102057043 /* svgtiny.h */,
				FD4F639B12AA5C1013177E49 /* svgtiny_gradient.cpp */,
				0ACA94EAF2C7DCA9EE906D69 /* svgtiny_internal.h */,
				64A49DF5E7D940CE6A916D29 /* svgtiny_list.cpp */,
			);
			name = src;
			sourceTree = "<group>";
		};
		99058CBFED5ED1F264D3FA98 /* source */ = {
			isa = PBXGroup;
			children = (
				CC9886A8D0C3969B25C42AE1 /* utf8 */,
				0E2F448EF4CBF5D95E755AEC /* utf8.h */,
			);
			name = source;
			sourceTree = "<group>";
		};
		9D4CA964E6167024C0594095 /* Resources */ = {
			isa = PBXGroup;
			children = (
				5FA64D51DA6D1619944A259C /* ResourceManager.cpp */,
				F7D513F7C92E3C60F81B1A61 /* ResourceManager.h */,
			);
			name = Resources;
			sourceTree = "<group>";
		};
		A1AD2E8041A523EBC38172E6 /* utf8_v2_3_1 */ = {
			isa = PBXGroup;
			children = (
				B4DB40DAEE4E8BB2C645C81D /* doc */,
				99058CBFED5ED1F264D3FA98 /* source */,
			);
			name = utf8_v2_3_1;
			sourceTree = "<group>";
		};
		A61C485F7880BB9B79F26287 /* Tools */ = {
			isa = PBXGroup;
			children = (
				71EF984EC44E239BE26DBB24 /* EngineFont.cpp */,
				16DB6BE691528929B0B76B4A /* EngineFont.h */,
			);
			name = Tools;
			sourceTree = "<group>";
		};
		AD642137CCDF61FB3E6CCEA2 /* Addons */ = {
			isa = PBXGroup;
			children = (
				1B41ADB372A759D872E1D939 /* ofxDmx */,
				B445E5FD15686D2EEE9EE2DC /* ofxFFT */,
				58C8D76E83509B9D19DA59D2 /* ofxGui */,
				3A9895EE6A66763B10F7DEE1 /* ofxScrollView */,
				8C2FB3644A7D2F8FE6CD8E69 /* ofxSvg */,
				E169B214A1F94FFA3FFBBE8C /* ofxUnicode */,
			);
			name = Addons;
			sourceTree = "<group>";
		};
		AF4FDCF7E02C59FCC5FE54A2 /* Main */ = {
			isa = PBXGroup;
			children = (
				5056FC61E30B9810903B814D /* AppManager.cpp */,
				D26C09D837E4FD6CBDBE2B8C /* AppManager.h */,
				6E3F47F486843AA062205007 /* main.cpp */,
				F94F04C2A3BFBCB8D6F36DEB /* Manager.h */,
				73D7AA4CF4895FC3DEEC2978 /* SettingsManager.cpp */,
				496FB8BB67BF37BF8B96AD33 /* SettingsManager.h */,
				EF3FCEDD6FCFFA58EADBEE84 /* VideoPixelsApp.cpp */,
				08B7CBED189B4B0DE5B2CD78 /* VideoPixelsApp.h */,
			);
			name = Main;
			sourceTree = "<group>";
		};
		B445E5FD15686D2EEE9EE2DC /* ofxFFT */ = {
			isa = PBXGroup;
			children = (
				C010D3B7523562A0CD35DAD1 /* libs */,
				F2E5E1B3F36D28D9CC5A7331 /* src */,
			);
			name = ofxFFT;
			sourceTree = "<group>";
		};
		B4DB40DAEE4E8BB2C645C81D /* doc */ = {
			isa = PBXGroup;
			children = (
				A7F27238F9FD8030ED3D1676 /* ReleaseNotes */,
				177B2CF2F12B417629282688 /* utf8cpp.html */,
			);
			name = doc;
			sourceTree = "<group>";
		};
		B5B317251EFF9153CE0FB4DF /* utf8cpp */ = {
			isa = PBXGroup;
			children = (
				D480F3E9AB357415B31AA856 /* include */,
				BC942D3A4903827E00B43444 /* src */,
			);
			name = utf8cpp;
			sourceTree = "<group>";
		};
		BB4B014C10F69532006C3DED /* addons */ = {
			isa = PBXGroup;
			children = (
			);
			name = addons;
			sourceTree = "<group>";
		};
		BC942D3A4903827E00B43444 /* src */ = {
			isa = PBXGroup;
			children = (
				A1AD2E8041A523EBC38172E6 /* utf8_v2_3_1 */,
			);
			name = src;
			sourceTree = "<group>";
		};
		C010D3B7523562A0CD35DAD1 /* libs */ = {
			isa = PBXGroup;
			children = (
				8384A728E256DD9797D5BCF7 /* fft.cpp */,
				D05795425FA109A436DC4BAE /* fft.h */,
			);
			name = libs;
			sourceTree = "<group>";
		};
		C02C33831C66F04FEBAE29DE /* Visuals */ = {
			isa = PBXGroup;
			children = (
				4A20C765DE7E0ABD322E08A4 /* AudioEqualizer2.cpp */,
				B547CB12EF291416F7BEA4E9 /* AudioEqualizer2.h */,
				6D8CDC21948DA9729C956FEC /* AudioParticles.cpp */,
				4D754721E861E6CE4A240527 /* AudioParticles.h */,
				CDCD8B75F6255A4469C4FF2A /* AudioRings.cpp */,
				571B6B39F394FAF08F96D36A /* AudioRings.h */,
				5DBBF8CC4251CC0A68B8B2F5 /* AudioVisualsManager.cpp */,
				A9DC5C900B0CD2D9358CB442 /* AudioVisualsManager.h */,
				C5B2FDB91DADF7FAA8F0E58C /* ImageManager.cpp */,
				8729A2323014D158DBFC5AD8 /* ImageManager.h */,
				90674964F311EA9EE1680EC6 /* NoiseManager.cpp */,
				231CBABD013CA50504B82828 /* NoiseManager.h */,
				2990685E1D17096D1F9B64CF /* VideoManager.cpp */,
				67EDBB787A2D6F21FFDD4446 /* VideoManager.h */,
			);
			name = Visuals;
			sourceTree = "<group>";
		};
		CC9886A8D0C3969B25C42AE1 /* utf8 */ = {
			isa = PBXGroup;
			children = (
				1E0FC185DC65CED9B6295DDD /* checked.h */,
				08C5194B0C92DDA2A7539395 /* core.h */,
				5B9CF9B2B47C1875E34834E9 /* unchecked.h */,
			);
			name = utf8;
			sourceTree = "<group>";
		};
		D07A89D016153935BE7B3B9E /* src */ = {
			isa = PBXGroup;
			children = (
				0E13F8EA447BEE4F113C15AB /* ofTextConverter.cpp */,
				BF8A24D906675604DC2873AD /* ofTextConverter.h */,
				6D5D010021EF505D97954BAD /* ofUnicode.cpp */,
				0C1C0F60B9ED693828ED32A8 /* ofUnicode.h */,
				C4DEA9B316209449F17ED538 /* ofUTF8.cpp */,
				1F6584F96693D0D8399C3C75 /* ofUTF8.h */,
			);
			name = src;
			sourceTree = "<group>";
		};
		D480F3E9AB357415B31AA856 /* include */ = {
			isa = PBXGroup;
			children = (
				94BD1EADE301891794206609 /* utf8 */,
				9BD3C8D3CE2F9DE9C86B751B /* utf8.h */,
			);
			name = include;
			sourceTree = "<group>";
		};
		E169B214A1F94FFA3FFBBE8C /* ofxUnicode */ = {
			isa = PBXGroup;
			children = (
				1F5F2A3EFD01A69839F767CF /* libs */,
				074978820820325AB8737225 /* README.md */,
				D07A89D016153935BE7B3B9E /* src */,
			);
			name = ofxUnicode;
			sourceTree = "<group>";
		};
		E2C62C2B4F591B9A20DAF22A /* Engine */ = {
			isa = PBXGroup;
			children = (
				1646F71220FE0F0638559519 /* 3D */,
				9D4CA964E6167024C0594095 /* Resources */,
				A61C485F7880BB9B79F26287 /* Tools */,
				51215486FD04C7A6B90A7559 /* Visuals */,
			);
			name = Engine;
			sourceTree = "<group>";
		};
		E4328144138ABC890047C5CB /* Products */ = {
			isa = PBXGroup;
			children = (
				E4328148138ABC890047C5CB /* openFrameworksDebug.a */,
			);
			name = Products;
			sourceTree = "<group>";
		};
		E4B69B4A0A3A1720003C02F2 = {
			isa = PBXGroup;
			children = (
				E4B6FCAD0C3E899E008CF71C /* openFrameworks-Info.plist */,
				E4EB6923138AFD0F00A09F29 /* Project.xcconfig */,
				E4B69E1C0A3A1BDC003C02F2 /* src */,
				E4EEC9E9138DF44700A80321 /* openFrameworks */,
				BB4B014C10F69532006C3DED /* addons */,
				6948EE371B920CB800B5AC1A /* local_addons */,
				E4B69B5B0A3A1756003C02F2 /* VideoPixelsDebug.app */,
			);
			sourceTree = "<group>";
		};
		E4B69E1C0A3A1BDC003C02F2 /* src */ = {
			isa = PBXGroup;
			children = (
				AD642137CCDF61FB3E6CCEA2 /* Addons */,
				E2C62C2B4F591B9A20DAF22A /* Engine */,
				0564C083037E0848473DDC94 /* I0 */,
				375D8B140B52B55EB32EB487 /* Layout */,
				AF4FDCF7E02C59FCC5FE54A2 /* Main */,
				74E7C62F161EE559FF034B7F /* Pixels */,
				C02C33831C66F04FEBAE29DE /* Visuals */,
			);
			path = src;
			sourceTree = SOURCE_ROOT;
		};
		E4EEC9E9138DF44700A80321 /* openFrameworks */ = {
			isa = PBXGroup;
			children = (
				E4EB691F138AFCF100A09F29 /* CoreOF.xcconfig */,
				E4328143138ABC890047C5CB /* openFrameworksLib.xcodeproj */,
			);
			name = openFrameworks;
			sourceTree = "<group>";
		};
		F2E5E1B3F36D28D9CC5A7331 /* src */ = {
			isa = PBXGroup;
			children = (
				1A8C10576CE2A624C8161140 /* ofxFFTBase.cpp */,
				FD8E463D31814B448EDFB543 /* ofxFFTBase.h */,
				9CFC18D2683D682C2520FF9E /* ofxFFTFile.cpp */,
				BB5B275D5DF19F6739286BA6 /* ofxFFTFile.h */,
				56EE0D2D7FBE726EF8641A72 /* ofxFFTLive.cpp */,
				61F02845079B97F56F12A07C /* ofxFFTLive.h */,
			);
			name = src;
			sourceTree = "<group>";
		};
/* End PBXGroup section */

/* Begin PBXNativeTarget section */
		E4B69B5A0A3A1756003C02F2 /* VideoPixels */ = {
			isa = PBXNativeTarget;
			buildConfigurationList = E4B69B5F0A3A1757003C02F2 /* Build configuration list for PBXNativeTarget "VideoPixels" */;
			buildPhases = (
				E4B69B580A3A1756003C02F2 /* Sources */,
				E4B69B590A3A1756003C02F2 /* Frameworks */,
				E4B6FFFD0C3F9AB9008CF71C /* ShellScript */,
				E4C2427710CC5ABF004149E2 /* CopyFiles */,
			);
			buildRules = (
			);
			dependencies = (
				E4EEB9AC138B136A00A80321 /* PBXTargetDependency */,
			);
			name = VideoPixels;
			productName = myOFApp;
			productReference = E4B69B5B0A3A1756003C02F2 /* VideoPixelsDebug.app */;
			productType = "com.apple.product-type.application";
		};
/* End PBXNativeTarget section */

/* Begin PBXProject section */
		E4B69B4C0A3A1720003C02F2 /* Project object */ = {
			isa = PBXProject;
			attributes = {
				LastUpgradeCheck = 0600;
			};
			buildConfigurationList = E4B69B4D0A3A1720003C02F2 /* Build configuration list for PBXProject "VideoPixels" */;
			compatibilityVersion = "Xcode 3.2";
			developmentRegion = English;
			hasScannedForEncodings = 0;
			knownRegions = (
				English,
				Japanese,
				French,
				German,
			);
			mainGroup = E4B69B4A0A3A1720003C02F2;
			productRefGroup = E4B69B4A0A3A1720003C02F2;
			projectDirPath = "";
			projectReferences = (
				{
					ProductGroup = E4328144138ABC890047C5CB /* Products */;
					ProjectRef = E4328143138ABC890047C5CB /* openFrameworksLib.xcodeproj */;
				},
			);
			projectRoot = "";
			targets = (
				E4B69B5A0A3A1756003C02F2 /* VideoPixels */,
			);
		};
/* End PBXProject section */

/* Begin PBXReferenceProxy section */
		E4328148138ABC890047C5CB /* openFrameworksDebug.a */ = {
			isa = PBXReferenceProxy;
			fileType = archive.ar;
			path = openFrameworksDebug.a;
			remoteRef = E4328147138ABC890047C5CB /* PBXContainerItemProxy */;
			sourceTree = BUILT_PRODUCTS_DIR;
		};
/* End PBXReferenceProxy section */

/* Begin PBXShellScriptBuildPhase section */
		E4B6FFFD0C3F9AB9008CF71C /* ShellScript */ = {
			isa = PBXShellScriptBuildPhase;
			buildActionMask = 2147483647;
			files = (
			);
			inputPaths = (
			);
			outputPaths = (
			);
			runOnlyForDeploymentPostprocessing = 0;
			shellPath = /bin/sh;
			shellScript = "mkdir -p \"$TARGET_BUILD_DIR/$PRODUCT_NAME.app/Contents/Resources/\"\n# Copy default icon file into App/Resources\nrsync -aved \"$ICON_FILE\" \"$TARGET_BUILD_DIR/$PRODUCT_NAME.app/Contents/Resources/\"\n# Copy libfmod and change install directory for fmod to run\nrsync -aved ../../../libs/fmodex/lib/osx/libfmodex.dylib \"$TARGET_BUILD_DIR/$PRODUCT_NAME.app/Contents/Frameworks/\";\ninstall_name_tool -change @executable_path/libfmodex.dylib @executable_path/../Frameworks/libfmodex.dylib \"$TARGET_BUILD_DIR/$PRODUCT_NAME.app/Contents/MacOS/$PRODUCT_NAME\";\n# Copy GLUT framework (must remove for AppStore submissions)\nrsync -aved ../../../libs/glut/lib/osx/GLUT.framework \"$TARGET_BUILD_DIR/$PRODUCT_NAME.app/Contents/Frameworks/\"\n";
		};
/* End PBXShellScriptBuildPhase section */

/* Begin PBXSourcesBuildPhase section */
		E4B69B580A3A1756003C02F2 /* Sources */ = {
			isa = PBXSourcesBuildPhase;
			buildActionMask = 2147483647;
			files = (
				A7268C62C908D5D33BAC3B92 /* license.md in Sources */,
				D5B3A62F0633EA400A61BC2D /* readme.md in Sources */,
				A277B43AE09F2A5EC976C1A8 /* ofxDmx.cpp in Sources */,
				39A9274AF238E10BCCE3F5E9 /* fft.cpp in Sources */,
				1A3100DF805276113B617DB4 /* ofxFFTBase.cpp in Sources */,
				6DFBD49D2AF7A6DF59660396 /* ofxFFTFile.cpp in Sources */,
				1CC2E6C0FAAFD242CC34C3A1 /* ofxFFTLive.cpp in Sources */,
				9A15495FA2EE8F23378413B2 /* ofxBaseGui.cpp in Sources */,
				1E777E277DAB367779E7E89A /* ofxButton.cpp in Sources */,
				10071661D0AA59C4EC246B6C /* ofxGuiGroup.cpp in Sources */,
				4D8AD4DF379BCF35DCB7A000 /* ofxLabel.cpp in Sources */,
				ACE00783B5CCD633D94EDDEF /* ofxPanel.cpp in Sources */,
				5367CE7A2C5BCF846D28D246 /* ofxSlider.cpp in Sources */,
				469ACA6CB6A2A17D8076D840 /* ofxSliderGroup.cpp in Sources */,
				EF28B4E47642F5ABD48095BA /* ofxToggle.cpp in Sources */,
				5C4F2520167A797139ECF0CA /* ofxScrollView.cpp in Sources */,
				9D3E5A7C189607A50D28E499 /* src_colors.cpp in Sources */,
				A417B50DA594FBD304CFF2CA /* svgtiny.cpp in Sources */,
				0466B9E6A55078A9F39B1B4B /* svgtiny_gradient.cpp in Sources */,
				FCA1CD00EA2BBEEEBA5C4AC9 /* svgtiny_list.cpp in Sources */,
				E76816EF014518B0B3E83C39 /* ofxSvg.cpp in Sources */,
				D75E4524BBB94FF34BF7DD48 /* ReleaseNotes in Sources */,
				82C668F7D0DF704AD7D1BB1C /* utf8cpp.html in Sources */,
				B7993B374B98F50CBD9EC220 /* README.md in Sources */,
				20DD9BBB631FBC0CDCCFA6B6 /* ofTextConverter.cpp in Sources */,
				7E78555D595408C86F902937 /* ofUnicode.cpp in Sources */,
				EC108074DB75C3CD93A7DADF /* ofUTF8.cpp in Sources */,
				48F94177806B5CB8D3C0F283 /* CameraAnimations.cpp in Sources */,
				C6B3BFC2668F137F745DC3C6 /* CameraAnimationsManager.cpp in Sources */,
				8C9DFFBD826A20F752ED0CD6 /* CameraManager.cpp in Sources */,
				DC16DA963E4E5873F0AE7C9E /* LightManager.cpp in Sources */,
				6F36C225B48477DFCCA6FB64 /* ResourceManager.cpp in Sources */,
				68A59FFAF8D6A1C715A69CD4 /* EngineFont.cpp in Sources */,
				3A6C7D72771284673CBE247D /* ImageVisual.cpp in Sources */,
				F7EA3801298F5E54967C119B /* ImageVisual3D.cpp in Sources */,
				DEBDF1F781CA34214BEBD185 /* RectangleVisual.cpp in Sources */,
				8BC3D4AABDF5E655706BA3B8 /* SvgVisual.cpp in Sources */,
				DB05E98D002D6650AA23E87B /* TextVisual.cpp in Sources */,
				E66F471FC218F559192473CB /* VideoVisual.cpp in Sources */,
				9D9E0E996DA1B9AC9952C889 /* ViewManager.cpp in Sources */,
				875651AF8693D3DE4CC23485 /* VisualEffects.cpp in Sources */,
				B790DA4F42194210B9259E42 /* VisualEffectsManager.cpp in Sources */,
				5152A5DBF51A461014A1F631 /* KeyboardManager.cpp in Sources */,
				CD015DF253A60F787EF1AC47 /* MouseManager.cpp in Sources */,
				5D33A9513B2A4C6DBD3188C7 /* GuiManager.cpp in Sources */,
				93510377552D47B6620A7586 /* LayoutManager.cpp in Sources */,
				1AF15FCF93D2DDD6D4285C8E /* AppManager.cpp in Sources */,
				DA22DA3A4F2E611DF50078F2 /* main.cpp in Sources */,
				58BCEB4034B30CB4A3456FC7 /* SettingsManager.cpp in Sources */,
				FFF1A2DFBD55F2F27A94A363 /* VideoPixelsApp.cpp in Sources */,
				F2B18FC4884C392D7DF1EBE6 /* Led.cpp in Sources */,
				B7ACBE3160E0DBFFC5C7E3F6 /* LedsManager.cpp in Sources */,
				DFB7FCD0228E57BF934455BF /* PixelsManager.cpp in Sources */,
				F0A0E78E06719D081CD90BD0 /* AudioEqualizer2.cpp in Sources */,
				3A4FFF61DDC91AAB7097B6D3 /* AudioParticles.cpp in Sources */,
				B4642F25D639EE6023813444 /* AudioRings.cpp in Sources */,
				E52FDB0A252ABFA7DDA0A0D9 /* AudioVisualsManager.cpp in Sources */,
				8310E60C1E2408B2C5269D5B /* ImageManager.cpp in Sources */,
				F7A839F9196EBBBCA98E0555 /* NoiseManager.cpp in Sources */,
				41495ECD0155116522DCA99A /* VideoManager.cpp in Sources */,
			);
			runOnlyForDeploymentPostprocessing = 0;
		};
/* End PBXSourcesBuildPhase section */

/* Begin PBXTargetDependency section */
		E4EEB9AC138B136A00A80321 /* PBXTargetDependency */ = {
			isa = PBXTargetDependency;
			name = openFrameworks;
			targetProxy = E4EEB9AB138B136A00A80321 /* PBXContainerItemProxy */;
		};
/* End PBXTargetDependency section */

/* Begin XCBuildConfiguration section */
		E4B69B4E0A3A1720003C02F2 /* Debug */ = {
			isa = XCBuildConfiguration;
			baseConfigurationReference = E4EB6923138AFD0F00A09F29 /* Project.xcconfig */;
			buildSettings = {
				CONFIGURATION_BUILD_DIR = "$(SRCROOT)/bin/";
				COPY_PHASE_STRIP = NO;
				DEAD_CODE_STRIPPING = YES;
				GCC_AUTO_VECTORIZATION = YES;
				GCC_ENABLE_SSE3_EXTENSIONS = YES;
				GCC_ENABLE_SUPPLEMENTAL_SSE3_INSTRUCTIONS = YES;
				GCC_INLINES_ARE_PRIVATE_EXTERN = NO;
				GCC_OPTIMIZATION_LEVEL = 0;
				GCC_SYMBOLS_PRIVATE_EXTERN = NO;
				GCC_WARN_ABOUT_DEPRECATED_FUNCTIONS = YES;
				GCC_WARN_ABOUT_INVALID_OFFSETOF_MACRO = NO;
				GCC_WARN_ALLOW_INCOMPLETE_PROTOCOL = NO;
				GCC_WARN_UNINITIALIZED_AUTOS = NO;
				GCC_WARN_UNUSED_VALUE = NO;
				GCC_WARN_UNUSED_VARIABLE = NO;
				HEADER_SEARCH_PATHS = (
					"$(OF_CORE_HEADERS)",
					src/Addons/ofxDmx,
					src/Addons/ofxDmx/src,
					src/Addons/ofxFFT/libs,
					src/Addons/ofxFFT/src,
					src/Addons/ofxGui/src,
					src/Addons/ofxScrollView/src,
					src/Addons/ofxSvg/libs/svgTiny/src,
					src/Addons/ofxSvg/src,
					src/Addons/ofxUnicode,
					src/Addons/ofxUnicode/libs/utf8cpp/include,
					src/Addons/ofxUnicode/libs/utf8cpp/include/utf8,
					src/Addons/ofxUnicode/libs/utf8cpp/src/utf8_v2_3_1/doc,
					src/Addons/ofxUnicode/libs/utf8cpp/src/utf8_v2_3_1/source,
					src/Addons/ofxUnicode/libs/utf8cpp/src/utf8_v2_3_1/source/utf8,
					src/Addons/ofxUnicode/src,
					src/Engine/3D,
					src/Engine/Resources,
					src/Engine/Tools,
					src/Engine/Visuals,
					src/I0,
					src/Layout,
					src/Main,
					src/Pixels,
					src/Visuals,
				);
				MACOSX_DEPLOYMENT_TARGET = 10.8;
				ONLY_ACTIVE_ARCH = YES;
				OTHER_CPLUSPLUSFLAGS = (
					"-D__MACOSX_CORE__",
					"-mtune=native",
				);
				SDKROOT = macosx;
			};
			name = Debug;
		};
		E4B69B4F0A3A1720003C02F2 /* Release */ = {
			isa = XCBuildConfiguration;
			baseConfigurationReference = E4EB6923138AFD0F00A09F29 /* Project.xcconfig */;
			buildSettings = {
				CONFIGURATION_BUILD_DIR = "$(SRCROOT)/bin/";
				COPY_PHASE_STRIP = YES;
				DEAD_CODE_STRIPPING = YES;
				GCC_AUTO_VECTORIZATION = YES;
				GCC_ENABLE_SSE3_EXTENSIONS = YES;
				GCC_ENABLE_SUPPLEMENTAL_SSE3_INSTRUCTIONS = YES;
				GCC_INLINES_ARE_PRIVATE_EXTERN = NO;
				GCC_OPTIMIZATION_LEVEL = 3;
				GCC_SYMBOLS_PRIVATE_EXTERN = NO;
				GCC_UNROLL_LOOPS = YES;
				GCC_WARN_ABOUT_DEPRECATED_FUNCTIONS = YES;
				GCC_WARN_ABOUT_INVALID_OFFSETOF_MACRO = NO;
				GCC_WARN_ALLOW_INCOMPLETE_PROTOCOL = NO;
				GCC_WARN_UNINITIALIZED_AUTOS = NO;
				GCC_WARN_UNUSED_VALUE = NO;
				GCC_WARN_UNUSED_VARIABLE = NO;
				HEADER_SEARCH_PATHS = (
					"$(OF_CORE_HEADERS)",
					src/Addons/ofxDmx,
					src/Addons/ofxDmx/src,
					src/Addons/ofxFFT/libs,
					src/Addons/ofxFFT/src,
					src/Addons/ofxGui/src,
					src/Addons/ofxScrollView/src,
					src/Addons/ofxSvg/libs/svgTiny/src,
					src/Addons/ofxSvg/src,
					src/Addons/ofxUnicode,
					src/Addons/ofxUnicode/libs/utf8cpp/include,
					src/Addons/ofxUnicode/libs/utf8cpp/include/utf8,
					src/Addons/ofxUnicode/libs/utf8cpp/src/utf8_v2_3_1/doc,
					src/Addons/ofxUnicode/libs/utf8cpp/src/utf8_v2_3_1/source,
					src/Addons/ofxUnicode/libs/utf8cpp/src/utf8_v2_3_1/source/utf8,
					src/Addons/ofxUnicode/src,
					src/Engine/3D,
					src/Engine/Resources,
					src/Engine/Tools,
					src/Engine/Visuals,
					src/I0,
					src/Layout,
					src/Main,
					src/Pixels,
					src/Visuals,
				);
				MACOSX_DEPLOYMENT_TARGET = 10.8;
				OTHER_CPLUSPLUSFLAGS = (
					"-D__MACOSX_CORE__",
					"-mtune=native",
				);
				SDKROOT = macosx;
			};
			name = Release;
		};
		E4B69B600A3A1757003C02F2 /* Debug */ = {
			isa = XCBuildConfiguration;
			baseConfigurationReference = E4EB6923138AFD0F00A09F29 /* Project.xcconfig */;
			buildSettings = {
				COMBINE_HIDPI_IMAGES = YES;
				COPY_PHASE_STRIP = NO;
				FRAMEWORK_SEARCH_PATHS = (
					"$(inherited)",
					"$(FRAMEWORK_SEARCH_PATHS_QUOTED_FOR_TARGET_1)",
				);
				FRAMEWORK_SEARCH_PATHS_QUOTED_FOR_TARGET_1 = "\"$(SRCROOT)/../../../libs/glut/lib/osx\"";
				GCC_DYNAMIC_NO_PIC = NO;
				GCC_GENERATE_DEBUGGING_SYMBOLS = YES;
				GCC_MODEL_TUNING = NONE;
				HEADER_SEARCH_PATHS = (
					"$(OF_CORE_HEADERS)",
					src/Addons/ofxDmx,
					src/Addons/ofxDmx/src,
					src/Addons/ofxFFT/libs,
					src/Addons/ofxFFT/src,
					src/Addons/ofxGui/src,
					src/Addons/ofxScrollView/src,
					src/Addons/ofxSvg/libs/svgTiny/src,
					src/Addons/ofxSvg/src,
					src/Addons/ofxUnicode,
					src/Addons/ofxUnicode/libs/utf8cpp/include,
					src/Addons/ofxUnicode/libs/utf8cpp/include/utf8,
					src/Addons/ofxUnicode/libs/utf8cpp/src/utf8_v2_3_1/doc,
					src/Addons/ofxUnicode/libs/utf8cpp/src/utf8_v2_3_1/source,
					src/Addons/ofxUnicode/libs/utf8cpp/src/utf8_v2_3_1/source/utf8,
					src/Addons/ofxUnicode/src,
					src/Engine/3D,
					src/Engine/Resources,
					src/Engine/Tools,
					src/Engine/Visuals,
					src/I0,
					src/Layout,
					src/Main,
					src/Pixels,
					src/Visuals,
				);
				ICON = "$(ICON_NAME_DEBUG)";
				ICON_FILE = "$(ICON_FILE_PATH)$(ICON)";
				INFOPLIST_FILE = "openFrameworks-Info.plist";
				INSTALL_PATH = /Applications;
				LIBRARY_SEARCH_PATHS = "$(inherited)";
				PRODUCT_NAME = "$(TARGET_NAME)Debug";
				WRAPPER_EXTENSION = app;
			};
			name = Debug;
		};
		E4B69B610A3A1757003C02F2 /* Release */ = {
			isa = XCBuildConfiguration;
			baseConfigurationReference = E4EB6923138AFD0F00A09F29 /* Project.xcconfig */;
			buildSettings = {
				COMBINE_HIDPI_IMAGES = YES;
				COPY_PHASE_STRIP = YES;
				FRAMEWORK_SEARCH_PATHS = (
					"$(inherited)",
					"$(FRAMEWORK_SEARCH_PATHS_QUOTED_FOR_TARGET_1)",
				);
				FRAMEWORK_SEARCH_PATHS_QUOTED_FOR_TARGET_1 = "\"$(SRCROOT)/../../../libs/glut/lib/osx\"";
				GCC_GENERATE_DEBUGGING_SYMBOLS = YES;
				GCC_MODEL_TUNING = NONE;
				HEADER_SEARCH_PATHS = (
					"$(OF_CORE_HEADERS)",
					src/Addons/ofxDmx,
					src/Addons/ofxDmx/src,
					src/Addons/ofxFFT/libs,
					src/Addons/ofxFFT/src,
					src/Addons/ofxGui/src,
					src/Addons/ofxScrollView/src,
					src/Addons/ofxSvg/libs/svgTiny/src,
					src/Addons/ofxSvg/src,
					src/Addons/ofxUnicode,
					src/Addons/ofxUnicode/libs/utf8cpp/include,
					src/Addons/ofxUnicode/libs/utf8cpp/include/utf8,
					src/Addons/ofxUnicode/libs/utf8cpp/src/utf8_v2_3_1/doc,
					src/Addons/ofxUnicode/libs/utf8cpp/src/utf8_v2_3_1/source,
					src/Addons/ofxUnicode/libs/utf8cpp/src/utf8_v2_3_1/source/utf8,
					src/Addons/ofxUnicode/src,
					src/Engine/3D,
					src/Engine/Resources,
					src/Engine/Tools,
					src/Engine/Visuals,
					src/I0,
					src/Layout,
					src/Main,
					src/Pixels,
					src/Visuals,
				);
				ICON = "$(ICON_NAME_RELEASE)";
				ICON_FILE = "$(ICON_FILE_PATH)$(ICON)";
				INFOPLIST_FILE = "openFrameworks-Info.plist";
				INSTALL_PATH = /Applications;
				LIBRARY_SEARCH_PATHS = "$(inherited)";
				PRODUCT_NAME = "$(TARGET_NAME)";
				WRAPPER_EXTENSION = app;
				baseConfigurationReference = E4EB6923138AFD0F00A09F29;
			};
			name = Release;
		};
/* End XCBuildConfiguration section */

/* Begin XCConfigurationList section */
		E4B69B4D0A3A1720003C02F2 /* Build configuration list for PBXProject "VideoPixels" */ = {
			isa = XCConfigurationList;
			buildConfigurations = (
				E4B69B4E0A3A1720003C02F2 /* Debug */,
				E4B69B4F0A3A1720003C02F2 /* Release */,
			);
			defaultConfigurationIsVisible = 0;
			defaultConfigurationName = Release;
		};
		E4B69B5F0A3A1757003C02F2 /* Build configuration list for PBXNativeTarget "VideoPixels" */ = {
			isa = XCConfigurationList;
			buildConfigurations = (
				E4B69B600A3A1757003C02F2 /* Debug */,
				E4B69B610A3A1757003C02F2 /* Release */,
			);
			defaultConfigurationIsVisible = 0;
			defaultConfigurationName = Release;
		};
/* End XCConfigurationList section */
	};
	rootObject = E4B69B4C0A3A1720003C02F2 /* Project object */;
}
